// !$*UTF8*$!
{
	archiveVersion = 1;
	classes = {
	};
	objectVersion = 56;
	objects = {

/* Begin PBXBuildFile section */
		E4107FA52B7D20FD009AE71B /* AirneisApp.swift in Sources */ = {isa = PBXBuildFile; fileRef = E4107FA42B7D20FD009AE71B /* AirneisApp.swift */; };
		E4107FA92B7D20FE009AE71B /* Assets.xcassets in Resources */ = {isa = PBXBuildFile; fileRef = E4107FA82B7D20FE009AE71B /* Assets.xcassets */; };
		E4107FAC2B7D20FE009AE71B /* Preview Assets.xcassets in Resources */ = {isa = PBXBuildFile; fileRef = E4107FAB2B7D20FE009AE71B /* Preview Assets.xcassets */; };
		E4107FB42B7D2B8C009AE71B /* HomeView.swift in Sources */ = {isa = PBXBuildFile; fileRef = E4107FB32B7D2B8C009AE71B /* HomeView.swift */; };
		E4107FB82B7D2F2A009AE71B /* Comfortaa-VariableFont_wght.ttf in Resources */ = {isa = PBXBuildFile; fileRef = E4107FB72B7D2F2A009AE71B /* Comfortaa-VariableFont_wght.ttf */; };
		E4107FBA2B7D2F35009AE71B /* Macondo-Regular.ttf in Resources */ = {isa = PBXBuildFile; fileRef = E4107FB92B7D2F35009AE71B /* Macondo-Regular.ttf */; };
		E47B82D12B7E653100923421 /* AirneisModel.swift in Sources */ = {isa = PBXBuildFile; fileRef = E47B82D02B7E653100923421 /* AirneisModel.swift */; };
		E4BDE05D2B978E430084E800 /* Component.swift in Sources */ = {isa = PBXBuildFile; fileRef = E4BDE05C2B978E430084E800 /* Component.swift */; };
		E4BDE0602B97C5070084E800 /* AirneisData.swift in Sources */ = {isa = PBXBuildFile; fileRef = E4BDE05F2B97C5070084E800 /* AirneisData.swift */; };
/* End PBXBuildFile section */

/* Begin PBXFileReference section */
		E4107FA12B7D20FD009AE71B /* Airneis.app */ = {isa = PBXFileReference; explicitFileType = wrapper.application; includeInIndex = 0; path = Airneis.app; sourceTree = BUILT_PRODUCTS_DIR; };
		E4107FA42B7D20FD009AE71B /* AirneisApp.swift */ = {isa = PBXFileReference; lastKnownFileType = sourcecode.swift; path = AirneisApp.swift; sourceTree = "<group>"; };
		E4107FA82B7D20FE009AE71B /* Assets.xcassets */ = {isa = PBXFileReference; lastKnownFileType = folder.assetcatalog; path = Assets.xcassets; sourceTree = "<group>"; };
		E4107FAB2B7D20FE009AE71B /* Preview Assets.xcassets */ = {isa = PBXFileReference; lastKnownFileType = folder.assetcatalog; path = "Preview Assets.xcassets"; sourceTree = "<group>"; };
		E4107FB32B7D2B8C009AE71B /* HomeView.swift */ = {isa = PBXFileReference; lastKnownFileType = sourcecode.swift; path = HomeView.swift; sourceTree = "<group>"; };
		E4107FB72B7D2F2A009AE71B /* Comfortaa-VariableFont_wght.ttf */ = {isa = PBXFileReference; lastKnownFileType = file; path = "Comfortaa-VariableFont_wght.ttf"; sourceTree = "<group>"; };
		E4107FB92B7D2F35009AE71B /* Macondo-Regular.ttf */ = {isa = PBXFileReference; lastKnownFileType = file; path = "Macondo-Regular.ttf"; sourceTree = "<group>"; };
		E47B82D02B7E653100923421 /* AirneisModel.swift */ = {isa = PBXFileReference; lastKnownFileType = sourcecode.swift; path = AirneisModel.swift; sourceTree = "<group>"; };
		E4BDE05C2B978E430084E800 /* Component.swift */ = {isa = PBXFileReference; lastKnownFileType = sourcecode.swift; path = Component.swift; sourceTree = "<group>"; };
		E4BDE05F2B97C5070084E800 /* AirneisData.swift */ = {isa = PBXFileReference; lastKnownFileType = sourcecode.swift; path = AirneisData.swift; sourceTree = "<group>"; };
/* End PBXFileReference section */

/* Begin PBXFrameworksBuildPhase section */
		E4107F9E2B7D20FD009AE71B /* Frameworks */ = {
			isa = PBXFrameworksBuildPhase;
			buildActionMask = 2147483647;
			files = (
			);
			runOnlyForDeploymentPostprocessing = 0;
		};
/* End PBXFrameworksBuildPhase section */

/* Begin PBXGroup section */
		E4107F982B7D20FD009AE71B = {
			isa = PBXGroup;
			children = (
				E4107FA32B7D20FD009AE71B /* Airneis */,
				E4107FA22B7D20FD009AE71B /* Products */,
			);
			sourceTree = "<group>";
		};
		E4107FA22B7D20FD009AE71B /* Products */ = {
			isa = PBXGroup;
			children = (
				E4107FA12B7D20FD009AE71B /* Airneis.app */,
			);
			name = Products;
			sourceTree = "<group>";
		};
		E4107FA32B7D20FD009AE71B /* Airneis */ = {
			isa = PBXGroup;
			children = (
				E4BDE05E2B97C4EB0084E800 /* Data */,
				E4BDE05B2B978E2B0084E800 /* Components */,
				E4107FA42B7D20FD009AE71B /* AirneisApp.swift */,
				E4107FB32B7D2B8C009AE71B /* HomeView.swift */,
				E47B82D02B7E653100923421 /* AirneisModel.swift */,
				E4107FA82B7D20FE009AE71B /* Assets.xcassets */,
				E4107FB62B7D2E61009AE71B /* font */,
				E4107FAA2B7D20FE009AE71B /* Preview Content */,
			);
			path = Airneis;
			sourceTree = "<group>";
		};
		E4107FAA2B7D20FE009AE71B /* Preview Content */ = {
			isa = PBXGroup;
			children = (
				E4107FAB2B7D20FE009AE71B /* Preview Assets.xcassets */,
			);
			path = "Preview Content";
			sourceTree = "<group>";
		};
		E4107FB62B7D2E61009AE71B /* font */ = {
			isa = PBXGroup;
			children = (
				E4107FB92B7D2F35009AE71B /* Macondo-Regular.ttf */,
				E4107FB72B7D2F2A009AE71B /* Comfortaa-VariableFont_wght.ttf */,
			);
			path = font;
			sourceTree = "<group>";
		};
		E4BDE05B2B978E2B0084E800 /* Components */ = {
			isa = PBXGroup;
			children = (
				E4BDE05C2B978E430084E800 /* Component.swift */,
			);
			path = Components;
			sourceTree = "<group>";
		};
		E4BDE05E2B97C4EB0084E800 /* Data */ = {
			isa = PBXGroup;
			children = (
				E4BDE05F2B97C5070084E800 /* AirneisData.swift */,
			);
			path = Data;
			sourceTree = "<group>";
		};
/* End PBXGroup section */

/* Begin PBXNativeTarget section */
		E4107FA02B7D20FD009AE71B /* Airneis */ = {
			isa = PBXNativeTarget;
			buildConfigurationList = E4107FAF2B7D20FE009AE71B /* Build configuration list for PBXNativeTarget "Airneis" */;
			buildPhases = (
				E4107F9D2B7D20FD009AE71B /* Sources */,
				E4107F9E2B7D20FD009AE71B /* Frameworks */,
				E4107F9F2B7D20FD009AE71B /* Resources */,
			);
			buildRules = (
			);
			dependencies = (
			);
			name = Airneis;
			productName = Airneis;
			productReference = E4107FA12B7D20FD009AE71B /* Airneis.app */;
			productType = "com.apple.product-type.application";
		};
/* End PBXNativeTarget section */

/* Begin PBXProject section */
		E4107F992B7D20FD009AE71B /* Project object */ = {
			isa = PBXProject;
			attributes = {
				BuildIndependentTargetsInParallel = 1;
				LastSwiftUpdateCheck = 1520;
				LastUpgradeCheck = 1520;
				TargetAttributes = {
					E4107FA02B7D20FD009AE71B = {
						CreatedOnToolsVersion = 15.2;
					};
				};
			};
			buildConfigurationList = E4107F9C2B7D20FD009AE71B /* Build configuration list for PBXProject "Airneis" */;
			compatibilityVersion = "Xcode 14.0";
			developmentRegion = en;
			hasScannedForEncodings = 0;
			knownRegions = (
				en,
				Base,
			);
			mainGroup = E4107F982B7D20FD009AE71B;
			productRefGroup = E4107FA22B7D20FD009AE71B /* Products */;
			projectDirPath = "";
			projectRoot = "";
			targets = (
				E4107FA02B7D20FD009AE71B /* Airneis */,
			);
		};
/* End PBXProject section */

/* Begin PBXResourcesBuildPhase section */
		E4107F9F2B7D20FD009AE71B /* Resources */ = {
			isa = PBXResourcesBuildPhase;
			buildActionMask = 2147483647;
			files = (
				E4107FAC2B7D20FE009AE71B /* Preview Assets.xcassets in Resources */,
				E4107FB82B7D2F2A009AE71B /* Comfortaa-VariableFont_wght.ttf in Resources */,
				E4107FA92B7D20FE009AE71B /* Assets.xcassets in Resources */,
				E4107FBA2B7D2F35009AE71B /* Macondo-Regular.ttf in Resources */,
			);
			runOnlyForDeploymentPostprocessing = 0;
		};
/* End PBXResourcesBuildPhase section */

/* Begin PBXSourcesBuildPhase section */
		E4107F9D2B7D20FD009AE71B /* Sources */ = {
			isa = PBXSourcesBuildPhase;
			buildActionMask = 2147483647;
			files = (
				E4107FB42B7D2B8C009AE71B /* HomeView.swift in Sources */,
				E4BDE05D2B978E430084E800 /* Component.swift in Sources */,
				E4BDE0602B97C5070084E800 /* AirneisData.swift in Sources */,
				E4107FA52B7D20FD009AE71B /* AirneisApp.swift in Sources */,
				E47B82D12B7E653100923421 /* AirneisModel.swift in Sources */,
			);
			runOnlyForDeploymentPostprocessing = 0;
		};
/* End PBXSourcesBuildPhase section */

/* Begin XCBuildConfiguration section */
		E4107FAD2B7D20FE009AE71B /* Debug */ = {
			isa = XCBuildConfiguration;
			buildSettings = {
				ALWAYS_SEARCH_USER_PATHS = NO;
				ASSETCATALOG_COMPILER_GENERATE_SWIFT_ASSET_SYMBOL_EXTENSIONS = YES;
				CLANG_ANALYZER_NONNULL = YES;
				CLANG_ANALYZER_NUMBER_OBJECT_CONVERSION = YES_AGGRESSIVE;
				CLANG_CXX_LANGUAGE_STANDARD = "gnu++20";
				CLANG_ENABLE_MODULES = YES;
				CLANG_ENABLE_OBJC_ARC = YES;
				CLANG_ENABLE_OBJC_WEAK = YES;
				CLANG_WARN_BLOCK_CAPTURE_AUTORELEASING = YES;
				CLANG_WARN_BOOL_CONVERSION = YES;
				CLANG_WARN_COMMA = YES;
				CLANG_WARN_CONSTANT_CONVERSION = YES;
				CLANG_WARN_DEPRECATED_OBJC_IMPLEMENTATIONS = YES;
				CLANG_WARN_DIRECT_OBJC_ISA_USAGE = YES_ERROR;
				CLANG_WARN_DOCUMENTATION_COMMENTS = YES;
				CLANG_WARN_EMPTY_BODY = YES;
				CLANG_WARN_ENUM_CONVERSION = YES;
				CLANG_WARN_INFINITE_RECURSION = YES;
				CLANG_WARN_INT_CONVERSION = YES;
				CLANG_WARN_NON_LITERAL_NULL_CONVERSION = YES;
				CLANG_WARN_OBJC_IMPLICIT_RETAIN_SELF = YES;
				CLANG_WARN_OBJC_LITERAL_CONVERSION = YES;
				CLANG_WARN_OBJC_ROOT_CLASS = YES_ERROR;
				CLANG_WARN_QUOTED_INCLUDE_IN_FRAMEWORK_HEADER = YES;
				CLANG_WARN_RANGE_LOOP_ANALYSIS = YES;
				CLANG_WARN_STRICT_PROTOTYPES = YES;
				CLANG_WARN_SUSPICIOUS_MOVE = YES;
				CLANG_WARN_UNGUARDED_AVAILABILITY = YES_AGGRESSIVE;
				CLANG_WARN_UNREACHABLE_CODE = YES;
				CLANG_WARN__DUPLICATE_METHOD_MATCH = YES;
				COPY_PHASE_STRIP = NO;
				DEBUG_INFORMATION_FORMAT = dwarf;
				ENABLE_STRICT_OBJC_MSGSEND = YES;
				ENABLE_TESTABILITY = YES;
				ENABLE_USER_SCRIPT_SANDBOXING = YES;
				GCC_C_LANGUAGE_STANDARD = gnu17;
				GCC_DYNAMIC_NO_PIC = NO;
				GCC_NO_COMMON_BLOCKS = YES;
				GCC_OPTIMIZATION_LEVEL = 0;
				GCC_PREPROCESSOR_DEFINITIONS = (
					"DEBUG=1",
					"$(inherited)",
				);
				GCC_WARN_64_TO_32_BIT_CONVERSION = YES;
				GCC_WARN_ABOUT_RETURN_TYPE = YES_ERROR;
				GCC_WARN_UNDECLARED_SELECTOR = YES;
				GCC_WARN_UNINITIALIZED_AUTOS = YES_AGGRESSIVE;
				GCC_WARN_UNUSED_FUNCTION = YES;
				GCC_WARN_UNUSED_VARIABLE = YES;
				IPHONEOS_DEPLOYMENT_TARGET = 17.2;
				LOCALIZATION_PREFERS_STRING_CATALOGS = YES;
				MTL_ENABLE_DEBUG_INFO = INCLUDE_SOURCE;
				MTL_FAST_MATH = YES;
				ONLY_ACTIVE_ARCH = YES;
				SDKROOT = iphoneos;
				SWIFT_ACTIVE_COMPILATION_CONDITIONS = "DEBUG $(inherited)";
				SWIFT_OPTIMIZATION_LEVEL = "-Onone";
			};
			name = Debug;
		};
		E4107FAE2B7D20FE009AE71B /* Release */ = {
			isa = XCBuildConfiguration;
			buildSettings = {
				ALWAYS_SEARCH_USER_PATHS = NO;
				ASSETCATALOG_COMPILER_GENERATE_SWIFT_ASSET_SYMBOL_EXTENSIONS = YES;
				CLANG_ANALYZER_NONNULL = YES;
				CLANG_ANALYZER_NUMBER_OBJECT_CONVERSION = YES_AGGRESSIVE;
				CLANG_CXX_LANGUAGE_STANDARD = "gnu++20";
				CLANG_ENABLE_MODULES = YES;
				CLANG_ENABLE_OBJC_ARC = YES;
				CLANG_ENABLE_OBJC_WEAK = YES;
				CLANG_WARN_BLOCK_CAPTURE_AUTORELEASING = YES;
				CLANG_WARN_BOOL_CONVERSION = YES;
				CLANG_WARN_COMMA = YES;
				CLANG_WARN_CONSTANT_CONVERSION = YES;
				CLANG_WARN_DEPRECATED_OBJC_IMPLEMENTATIONS = YES;
				CLANG_WARN_DIRECT_OBJC_ISA_USAGE = YES_ERROR;
				CLANG_WARN_DOCUMENTATION_COMMENTS = YES;
				CLANG_WARN_EMPTY_BODY = YES;
				CLANG_WARN_ENUM_CONVERSION = YES;
				CLANG_WARN_INFINITE_RECURSION = YES;
				CLANG_WARN_INT_CONVERSION = YES;
				CLANG_WARN_NON_LITERAL_NULL_CONVERSION = YES;
				CLANG_WARN_OBJC_IMPLICIT_RETAIN_SELF = YES;
				CLANG_WARN_OBJC_LITERAL_CONVERSION = YES;
				CLANG_WARN_OBJC_ROOT_CLASS = YES_ERROR;
				CLANG_WARN_QUOTED_INCLUDE_IN_FRAMEWORK_HEADER = YES;
				CLANG_WARN_RANGE_LOOP_ANALYSIS = YES;
				CLANG_WARN_STRICT_PROTOTYPES = YES;
				CLANG_WARN_SUSPICIOUS_MOVE = YES;
				CLANG_WARN_UNGUARDED_AVAILABILITY = YES_AGGRESSIVE;
				CLANG_WARN_UNREACHABLE_CODE = YES;
				CLANG_WARN__DUPLICATE_METHOD_MATCH = YES;
				COPY_PHASE_STRIP = NO;
				DEBUG_INFORMATION_FORMAT = "dwarf-with-dsym";
				ENABLE_NS_ASSERTIONS = NO;
				ENABLE_STRICT_OBJC_MSGSEND = YES;
				ENABLE_USER_SCRIPT_SANDBOXING = YES;
				GCC_C_LANGUAGE_STANDARD = gnu17;
				GCC_NO_COMMON_BLOCKS = YES;
				GCC_WARN_64_TO_32_BIT_CONVERSION = YES;
				GCC_WARN_ABOUT_RETURN_TYPE = YES_ERROR;
				GCC_WARN_UNDECLARED_SELECTOR = YES;
				GCC_WARN_UNINITIALIZED_AUTOS = YES_AGGRESSIVE;
				GCC_WARN_UNUSED_FUNCTION = YES;
				GCC_WARN_UNUSED_VARIABLE = YES;
				IPHONEOS_DEPLOYMENT_TARGET = 17.2;
				LOCALIZATION_PREFERS_STRING_CATALOGS = YES;
				MTL_ENABLE_DEBUG_INFO = NO;
				MTL_FAST_MATH = YES;
				SDKROOT = iphoneos;
				SWIFT_COMPILATION_MODE = wholemodule;
				VALIDATE_PRODUCT = YES;
			};
			name = Release;
		};
		E4107FB02B7D20FE009AE71B /* Debug */ = {
			isa = XCBuildConfiguration;
			buildSettings = {
				ASSETCATALOG_COMPILER_APPICON_NAME = AppIcon;
				ASSETCATALOG_COMPILER_GLOBAL_ACCENT_COLOR_NAME = AccentColor;
				CODE_SIGN_STYLE = Automatic;
				CURRENT_PROJECT_VERSION = 1;
				DEVELOPMENT_ASSET_PATHS = "\"Airneis/Preview Content\"";
				DEVELOPMENT_TEAM = VD7UWGN2GV;
				ENABLE_PREVIEWS = YES;
				GENERATE_INFOPLIST_FILE = YES;
				INFOPLIST_FILE = Airneis/Info.plist;
				INFOPLIST_KEY_CFBundleDisplayName = Airneis;
				INFOPLIST_KEY_LSApplicationCategoryType = "public.app-category.food-and-drink";
				INFOPLIST_KEY_UIApplicationSceneManifest_Generation = YES;
				INFOPLIST_KEY_UIApplicationSupportsIndirectInputEvents = YES;
				INFOPLIST_KEY_UILaunchScreen_Generation = YES;
				INFOPLIST_KEY_UISupportedInterfaceOrientations = "UIInterfaceOrientationLandscapeLeft UIInterfaceOrientationLandscapeRight UIInterfaceOrientationPortrait";
				INFOPLIST_KEY_UISupportedInterfaceOrientations_iPad = "UIInterfaceOrientationLandscapeLeft UIInterfaceOrientationLandscapeRight UIInterfaceOrientationPortrait UIInterfaceOrientationPortraitUpsideDown";
				LD_RUNPATH_SEARCH_PATHS = (
					"$(inherited)",
					"@executable_path/Frameworks",
				);
				MARKETING_VERSION = 1.0;
				PRODUCT_BUNDLE_IDENTIFIER = supdevinci.Airneis;
				PRODUCT_NAME = "$(TARGET_NAME)";
				SWIFT_EMIT_LOC_STRINGS = YES;
				SWIFT_VERSION = 5.0;
				TARGETED_DEVICE_FAMILY = "1,2";
			};
			name = Debug;
		};
		E4107FB12B7D20FE009AE71B /* Release */ = {
			isa = XCBuildConfiguration;
			buildSettings = {
				ASSETCATALOG_COMPILER_APPICON_NAME = AppIcon;
				ASSETCATALOG_COMPILER_GLOBAL_ACCENT_COLOR_NAME = AccentColor;
				CODE_SIGN_STYLE = Automatic;
				CURRENT_PROJECT_VERSION = 1;
				DEVELOPMENT_ASSET_PATHS = "\"Airneis/Preview Content\"";
				DEVELOPMENT_TEAM = VD7UWGN2GV;
				ENABLE_PREVIEWS = YES;
				GENERATE_INFOPLIST_FILE = YES;
				INFOPLIST_FILE = Airneis/Info.plist;
				INFOPLIST_KEY_CFBundleDisplayName = Airneis;
				INFOPLIST_KEY_LSApplicationCategoryType = "public.app-category.food-and-drink";
				INFOPLIST_KEY_UIApplicationSceneManifest_Generation = YES;
				INFOPLIST_KEY_UIApplicationSupportsIndirectInputEvents = YES;
				INFOPLIST_KEY_UILaunchScreen_Generation = YES;
				INFOPLIST_KEY_UISupportedInterfaceOrientations = "UIInterfaceOrientationLandscapeLeft UIInterfaceOrientationLandscapeRight UIInterfaceOrientationPortrait";
				INFOPLIST_KEY_UISupportedInterfaceOrientations_iPad = "UIInterfaceOrientationLandscapeLeft UIInterfaceOrientationLandscapeRight UIInterfaceOrientationPortrait UIInterfaceOrientationPortraitUpsideDown";
				LD_RUNPATH_SEARCH_PATHS = (
					"$(inherited)",
					"@executable_path/Frameworks",
				);
				MARKETING_VERSION = 1.0;
				PRODUCT_BUNDLE_IDENTIFIER = supdevinci.Airneis;
				PRODUCT_NAME = "$(TARGET_NAME)";
				SWIFT_EMIT_LOC_STRINGS = YES;
				SWIFT_VERSION = 5.0;
				TARGETED_DEVICE_FAMILY = "1,2";
			};
			name = Release;
		};
/* End XCBuildConfiguration section */

/* Begin XCConfigurationList section */
		E4107F9C2B7D20FD009AE71B /* Build configuration list for PBXProject "Airneis" */ = {
			isa = XCConfigurationList;
			buildConfigurations = (
				E4107FAD2B7D20FE009AE71B /* Debug */,
				E4107FAE2B7D20FE009AE71B /* Release */,
			);
			defaultConfigurationIsVisible = 0;
			defaultConfigurationName = Release;
		};
		E4107FAF2B7D20FE009AE71B /* Build configuration list for PBXNativeTarget "Airneis" */ = {
			isa = XCConfigurationList;
			buildConfigurations = (
				E4107FB02B7D20FE009AE71B /* Debug */,
				E4107FB12B7D20FE009AE71B /* Release */,
			);
			defaultConfigurationIsVisible = 0;
			defaultConfigurationName = Release;
		};
/* End XCConfigurationList section */
	};
	rootObject = E4107F992B7D20FD009AE71B /* Project object */;
}
