// !$*UTF8*$!
{
	archiveVersion = 1;
	classes = {
	};
	objectVersion = 56;
	objects = {

/* Begin PBXBuildFile section */
		E4107FA52B7D20FD009AE71B /* AirneisApp.swift in Sources */ = {isa = PBXBuildFile; fileRef = E4107FA42B7D20FD009AE71B /* AirneisApp.swift */; };
		E4107FA92B7D20FE009AE71B /* Assets.xcassets in Resources */ = {isa = PBXBuildFile; fileRef = E4107FA82B7D20FE009AE71B /* Assets.xcassets */; };
		E4107FAC2B7D20FE009AE71B /* Preview Assets.xcassets in Resources */ = {isa = PBXBuildFile; fileRef = E4107FAB2B7D20FE009AE71B /* Preview Assets.xcassets */; };
		E4107FB42B7D2B8C009AE71B /* HomeView.swift in Sources */ = {isa = PBXBuildFile; fileRef = E4107FB32B7D2B8C009AE71B /* HomeView.swift */; };
		E4107FB82B7D2F2A009AE71B /* Comfortaa-VariableFont_wght.ttf in Resources */ = {isa = PBXBuildFile; fileRef = E4107FB72B7D2F2A009AE71B /* Comfortaa-VariableFont_wght.ttf */; };
		E4107FBA2B7D2F35009AE71B /* Macondo-Regular.ttf in Resources */ = {isa = PBXBuildFile; fileRef = E4107FB92B7D2F35009AE71B /* Macondo-Regular.ttf */; };
		E42576F52B9A3106001CBA31 /* CategoryView.swift in Sources */ = {isa = PBXBuildFile; fileRef = E42576F42B9A3106001CBA31 /* CategoryView.swift */; };
		E442A2072BDF982C00958353 /* FilterView.swift in Sources */ = {isa = PBXBuildFile; fileRef = E442A2062BDF982C00958353 /* FilterView.swift */; };
		E45992E82BF8F0E000A1B540 /* AirneisUITests.swift in Sources */ = {isa = PBXBuildFile; fileRef = E45992E72BF8F0E000A1B540 /* AirneisUITests.swift */; };
		E45992EA2BF8F0E000A1B540 /* AirneisUITestsLaunchTests.swift in Sources */ = {isa = PBXBuildFile; fileRef = E45992E92BF8F0E000A1B540 /* AirneisUITestsLaunchTests.swift */; };
		E45992F72BF91F9100A1B540 /* AirneisUnitaireTests.swift in Sources */ = {isa = PBXBuildFile; fileRef = E45992F62BF91F9100A1B540 /* AirneisUnitaireTests.swift */; };
		E45992FE2BF920F400A1B540 /* LoginViewModelTests.swift in Sources */ = {isa = PBXBuildFile; fileRef = E45992FD2BF920F400A1B540 /* LoginViewModelTests.swift */; };
		E45993002BF9233100A1B540 /* MockURLProtocol.swift in Sources */ = {isa = PBXBuildFile; fileRef = E45992FF2BF9233100A1B540 /* MockURLProtocol.swift */; };
		E46948282BE9051B00ABC9DF /* LoginViewModel.swift in Sources */ = {isa = PBXBuildFile; fileRef = E46948272BE9051B00ABC9DF /* LoginViewModel.swift */; };
		E469482A2BE9055D00ABC9DF /* LoginRequest.swift in Sources */ = {isa = PBXBuildFile; fileRef = E46948292BE9055D00ABC9DF /* LoginRequest.swift */; };
		E469482F2BE905F800ABC9DF /* LoginResponse.swift in Sources */ = {isa = PBXBuildFile; fileRef = E469482E2BE905F800ABC9DF /* LoginResponse.swift */; };
		E46948352BEBA63600ABC9DF /* JWTDecode in Frameworks */ = {isa = PBXBuildFile; productRef = E46948342BEBA63600ABC9DF /* JWTDecode */; };
		E47B82D12B7E653100923421 /* AirneisModel.swift in Sources */ = {isa = PBXBuildFile; fileRef = E47B82D02B7E653100923421 /* AirneisModel.swift */; };
		E4BDE05D2B978E430084E800 /* Component.swift in Sources */ = {isa = PBXBuildFile; fileRef = E4BDE05C2B978E430084E800 /* Component.swift */; };
		E4BDE0602B97C5070084E800 /* AirneisData.swift in Sources */ = {isa = PBXBuildFile; fileRef = E4BDE05F2B97C5070084E800 /* AirneisData.swift */; };
		E4EA60592BD04FAB00B8554A /* SideMenuView.swift in Sources */ = {isa = PBXBuildFile; fileRef = E4EA60582BD04FAB00B8554A /* SideMenuView.swift */; };
		E4EA605B2BD0505D00B8554A /* SideMenu.swift in Sources */ = {isa = PBXBuildFile; fileRef = E4EA605A2BD0505D00B8554A /* SideMenu.swift */; };
		E4EA605D2BD051EA00B8554A /* ParamsView.swift in Sources */ = {isa = PBXBuildFile; fileRef = E4EA605C2BD051EA00B8554A /* ParamsView.swift */; };
		E4EA605F2BD051F600B8554A /* CartView.swift in Sources */ = {isa = PBXBuildFile; fileRef = E4EA605E2BD051F600B8554A /* CartView.swift */; };
		E4EA60612BD0520300B8554A /* CGUView.swift in Sources */ = {isa = PBXBuildFile; fileRef = E4EA60602BD0520300B8554A /* CGUView.swift */; };
		E4EA60632BD0520D00B8554A /* MentionView.swift in Sources */ = {isa = PBXBuildFile; fileRef = E4EA60622BD0520D00B8554A /* MentionView.swift */; };
		E4EA60652BD0521700B8554A /* ContactView.swift in Sources */ = {isa = PBXBuildFile; fileRef = E4EA60642BD0521700B8554A /* ContactView.swift */; };
		E4EA60672BD0522100B8554A /* AboutView.swift in Sources */ = {isa = PBXBuildFile; fileRef = E4EA60662BD0522100B8554A /* AboutView.swift */; };
		E4EA60692BD0522B00B8554A /* LogoutView.swift in Sources */ = {isa = PBXBuildFile; fileRef = E4EA60682BD0522B00B8554A /* LogoutView.swift */; };
		E4EA606B2BD052AB00B8554A /* LoginView.swift in Sources */ = {isa = PBXBuildFile; fileRef = E4EA606A2BD052AB00B8554A /* LoginView.swift */; };
		E4EA606D2BD052B400B8554A /* RegisterView.swift in Sources */ = {isa = PBXBuildFile; fileRef = E4EA606C2BD052B400B8554A /* RegisterView.swift */; };
		E4EA606F2BD0546300B8554A /* MainTabbedView.swift in Sources */ = {isa = PBXBuildFile; fileRef = E4EA606E2BD0546300B8554A /* MainTabbedView.swift */; };
		E4EA60722BD3070D00B8554A /* CategoryView2.swift in Sources */ = {isa = PBXBuildFile; fileRef = E4EA60712BD3070D00B8554A /* CategoryView2.swift */; };
		E4EA60742BD313AF00B8554A /* ProductView.swift in Sources */ = {isa = PBXBuildFile; fileRef = E4EA60732BD313AF00B8554A /* ProductView.swift */; };
		E4EF73032BF77FB2006F9731 /* OrderViewModel.swift in Sources */ = {isa = PBXBuildFile; fileRef = E4EF73022BF77FB2006F9731 /* OrderViewModel.swift */; };
		E4EF73052BF79EE2006F9731 /* OrdersView.swift in Sources */ = {isa = PBXBuildFile; fileRef = E4EF73042BF79EE2006F9731 /* OrdersView.swift */; };
		E4EF73072BF7AEC5006F9731 /* OrderDetailView.swift in Sources */ = {isa = PBXBuildFile; fileRef = E4EF73062BF7AEC5006F9731 /* OrderDetailView.swift */; };
/* End PBXBuildFile section */

/* Begin PBXContainerItemProxy section */
		E45992EB2BF8F0E000A1B540 /* PBXContainerItemProxy */ = {
			isa = PBXContainerItemProxy;
			containerPortal = E4107F992B7D20FD009AE71B /* Project object */;
			proxyType = 1;
			remoteGlobalIDString = E4107FA02B7D20FD009AE71B;
			remoteInfo = Airneis;
		};
		E45992F82BF91F9100A1B540 /* PBXContainerItemProxy */ = {
			isa = PBXContainerItemProxy;
			containerPortal = E4107F992B7D20FD009AE71B /* Project object */;
			proxyType = 1;
			remoteGlobalIDString = E4107FA02B7D20FD009AE71B;
			remoteInfo = Airneis;
		};
/* End PBXContainerItemProxy section */

/* Begin PBXFileReference section */
		E4107FA12B7D20FD009AE71B /* Airneis.app */ = {isa = PBXFileReference; explicitFileType = wrapper.application; includeInIndex = 0; path = Airneis.app; sourceTree = BUILT_PRODUCTS_DIR; };
		E4107FA42B7D20FD009AE71B /* AirneisApp.swift */ = {isa = PBXFileReference; lastKnownFileType = sourcecode.swift; path = AirneisApp.swift; sourceTree = "<group>"; };
		E4107FA82B7D20FE009AE71B /* Assets.xcassets */ = {isa = PBXFileReference; lastKnownFileType = folder.assetcatalog; path = Assets.xcassets; sourceTree = "<group>"; };
		E4107FAB2B7D20FE009AE71B /* Preview Assets.xcassets */ = {isa = PBXFileReference; lastKnownFileType = folder.assetcatalog; path = "Preview Assets.xcassets"; sourceTree = "<group>"; };
		E4107FB32B7D2B8C009AE71B /* HomeView.swift */ = {isa = PBXFileReference; lastKnownFileType = sourcecode.swift; path = HomeView.swift; sourceTree = "<group>"; };
		E4107FB72B7D2F2A009AE71B /* Comfortaa-VariableFont_wght.ttf */ = {isa = PBXFileReference; lastKnownFileType = file; path = "Comfortaa-VariableFont_wght.ttf"; sourceTree = "<group>"; };
		E4107FB92B7D2F35009AE71B /* Macondo-Regular.ttf */ = {isa = PBXFileReference; lastKnownFileType = file; path = "Macondo-Regular.ttf"; sourceTree = "<group>"; };
		E42576F42B9A3106001CBA31 /* CategoryView.swift */ = {isa = PBXFileReference; lastKnownFileType = sourcecode.swift; path = CategoryView.swift; sourceTree = "<group>"; };
		E442A2062BDF982C00958353 /* FilterView.swift */ = {isa = PBXFileReference; lastKnownFileType = sourcecode.swift; path = FilterView.swift; sourceTree = "<group>"; };
		E45992E52BF8F0E000A1B540 /* AirneisUITests.xctest */ = {isa = PBXFileReference; explicitFileType = wrapper.cfbundle; includeInIndex = 0; path = AirneisUITests.xctest; sourceTree = BUILT_PRODUCTS_DIR; };
		E45992E72BF8F0E000A1B540 /* AirneisUITests.swift */ = {isa = PBXFileReference; lastKnownFileType = sourcecode.swift; path = AirneisUITests.swift; sourceTree = "<group>"; };
		E45992E92BF8F0E000A1B540 /* AirneisUITestsLaunchTests.swift */ = {isa = PBXFileReference; lastKnownFileType = sourcecode.swift; path = AirneisUITestsLaunchTests.swift; sourceTree = "<group>"; };
		E45992F42BF91F9100A1B540 /* AirneisUnitaireTests.xctest */ = {isa = PBXFileReference; explicitFileType = wrapper.cfbundle; includeInIndex = 0; path = AirneisUnitaireTests.xctest; sourceTree = BUILT_PRODUCTS_DIR; };
		E45992F62BF91F9100A1B540 /* AirneisUnitaireTests.swift */ = {isa = PBXFileReference; lastKnownFileType = sourcecode.swift; path = AirneisUnitaireTests.swift; sourceTree = "<group>"; };
		E45992FD2BF920F400A1B540 /* LoginViewModelTests.swift */ = {isa = PBXFileReference; lastKnownFileType = sourcecode.swift; path = LoginViewModelTests.swift; sourceTree = "<group>"; };
		E45992FF2BF9233100A1B540 /* MockURLProtocol.swift */ = {isa = PBXFileReference; lastKnownFileType = sourcecode.swift; path = MockURLProtocol.swift; sourceTree = "<group>"; };
		E46948272BE9051B00ABC9DF /* LoginViewModel.swift */ = {isa = PBXFileReference; lastKnownFileType = sourcecode.swift; path = LoginViewModel.swift; sourceTree = "<group>"; };
		E46948292BE9055D00ABC9DF /* LoginRequest.swift */ = {isa = PBXFileReference; lastKnownFileType = sourcecode.swift; path = LoginRequest.swift; sourceTree = "<group>"; };
		E469482E2BE905F800ABC9DF /* LoginResponse.swift */ = {isa = PBXFileReference; lastKnownFileType = sourcecode.swift; path = LoginResponse.swift; sourceTree = "<group>"; };
		E47B82D02B7E653100923421 /* AirneisModel.swift */ = {isa = PBXFileReference; lastKnownFileType = sourcecode.swift; path = AirneisModel.swift; sourceTree = "<group>"; };
		E4BDE05C2B978E430084E800 /* Component.swift */ = {isa = PBXFileReference; lastKnownFileType = sourcecode.swift; path = Component.swift; sourceTree = "<group>"; };
		E4BDE05F2B97C5070084E800 /* AirneisData.swift */ = {isa = PBXFileReference; lastKnownFileType = sourcecode.swift; path = AirneisData.swift; sourceTree = "<group>"; };
		E4EA60582BD04FAB00B8554A /* SideMenuView.swift */ = {isa = PBXFileReference; lastKnownFileType = sourcecode.swift; path = SideMenuView.swift; sourceTree = "<group>"; };
		E4EA605A2BD0505D00B8554A /* SideMenu.swift */ = {isa = PBXFileReference; lastKnownFileType = sourcecode.swift; path = SideMenu.swift; sourceTree = "<group>"; };
		E4EA605C2BD051EA00B8554A /* ParamsView.swift */ = {isa = PBXFileReference; lastKnownFileType = sourcecode.swift; path = ParamsView.swift; sourceTree = "<group>"; };
		E4EA605E2BD051F600B8554A /* CartView.swift */ = {isa = PBXFileReference; lastKnownFileType = sourcecode.swift; path = CartView.swift; sourceTree = "<group>"; };
		E4EA60602BD0520300B8554A /* CGUView.swift */ = {isa = PBXFileReference; lastKnownFileType = sourcecode.swift; path = CGUView.swift; sourceTree = "<group>"; };
		E4EA60622BD0520D00B8554A /* MentionView.swift */ = {isa = PBXFileReference; lastKnownFileType = sourcecode.swift; path = MentionView.swift; sourceTree = "<group>"; };
		E4EA60642BD0521700B8554A /* ContactView.swift */ = {isa = PBXFileReference; lastKnownFileType = sourcecode.swift; path = ContactView.swift; sourceTree = "<group>"; };
		E4EA60662BD0522100B8554A /* AboutView.swift */ = {isa = PBXFileReference; lastKnownFileType = sourcecode.swift; path = AboutView.swift; sourceTree = "<group>"; };
		E4EA60682BD0522B00B8554A /* LogoutView.swift */ = {isa = PBXFileReference; lastKnownFileType = sourcecode.swift; path = LogoutView.swift; sourceTree = "<group>"; };
		E4EA606A2BD052AB00B8554A /* LoginView.swift */ = {isa = PBXFileReference; lastKnownFileType = sourcecode.swift; path = LoginView.swift; sourceTree = "<group>"; };
		E4EA606C2BD052B400B8554A /* RegisterView.swift */ = {isa = PBXFileReference; lastKnownFileType = sourcecode.swift; path = RegisterView.swift; sourceTree = "<group>"; };
		E4EA606E2BD0546300B8554A /* MainTabbedView.swift */ = {isa = PBXFileReference; lastKnownFileType = sourcecode.swift; path = MainTabbedView.swift; sourceTree = "<group>"; };
		E4EA60712BD3070D00B8554A /* CategoryView2.swift */ = {isa = PBXFileReference; lastKnownFileType = sourcecode.swift; path = CategoryView2.swift; sourceTree = "<group>"; };
		E4EA60732BD313AF00B8554A /* ProductView.swift */ = {isa = PBXFileReference; lastKnownFileType = sourcecode.swift; path = ProductView.swift; sourceTree = "<group>"; };
		E4EF73022BF77FB2006F9731 /* OrderViewModel.swift */ = {isa = PBXFileReference; lastKnownFileType = sourcecode.swift; path = OrderViewModel.swift; sourceTree = "<group>"; };
		E4EF73042BF79EE2006F9731 /* OrdersView.swift */ = {isa = PBXFileReference; lastKnownFileType = sourcecode.swift; path = OrdersView.swift; sourceTree = "<group>"; };
		E4EF73062BF7AEC5006F9731 /* OrderDetailView.swift */ = {isa = PBXFileReference; lastKnownFileType = sourcecode.swift; path = OrderDetailView.swift; sourceTree = "<group>"; };
/* End PBXFileReference section */

/* Begin PBXFrameworksBuildPhase section */
		E4107F9E2B7D20FD009AE71B /* Frameworks */ = {
			isa = PBXFrameworksBuildPhase;
			buildActionMask = 2147483647;
			files = (
				E46948352BEBA63600ABC9DF /* JWTDecode in Frameworks */,
			);
			runOnlyForDeploymentPostprocessing = 0;
		};
		E45992E22BF8F0E000A1B540 /* Frameworks */ = {
			isa = PBXFrameworksBuildPhase;
			buildActionMask = 2147483647;
			files = (
			);
			runOnlyForDeploymentPostprocessing = 0;
		};
		E45992F12BF91F9100A1B540 /* Frameworks */ = {
			isa = PBXFrameworksBuildPhase;
			buildActionMask = 2147483647;
			files = (
			);
			runOnlyForDeploymentPostprocessing = 0;
		};
/* End PBXFrameworksBuildPhase section */

/* Begin PBXGroup section */
		E4107F982B7D20FD009AE71B = {
			isa = PBXGroup;
			children = (
				E4107FA32B7D20FD009AE71B /* Airneis */,
				E45992E62BF8F0E000A1B540 /* AirneisUITests */,
				E45992F52BF91F9100A1B540 /* AirneisUnitaireTests */,
				E4107FA22B7D20FD009AE71B /* Products */,
			);
			sourceTree = "<group>";
		};
		E4107FA22B7D20FD009AE71B /* Products */ = {
			isa = PBXGroup;
			children = (
				E4107FA12B7D20FD009AE71B /* Airneis.app */,
				E45992E52BF8F0E000A1B540 /* AirneisUITests.xctest */,
				E45992F42BF91F9100A1B540 /* AirneisUnitaireTests.xctest */,
			);
			name = Products;
			sourceTree = "<group>";
		};
		E4107FA32B7D20FD009AE71B /* Airneis */ = {
			isa = PBXGroup;
			children = (
				E4107FA42B7D20FD009AE71B /* AirneisApp.swift */,
				E4EA606E2BD0546300B8554A /* MainTabbedView.swift */,
				E42576F22B9A2998001CBA31 /* Models */,
				E46948302BE9062F00ABC9DF /* ViewModels */,
				E42576F32B9A29A3001CBA31 /* Views */,
				E4BDE05E2B97C4EB0084E800 /* Data */,
				E4BDE05B2B978E2B0084E800 /* Components */,
				E4107FA82B7D20FE009AE71B /* Assets.xcassets */,
				E4107FB62B7D2E61009AE71B /* font */,
				E4107FAA2B7D20FE009AE71B /* Preview Content */,
			);
			path = Airneis;
			sourceTree = "<group>";
		};
		E4107FAA2B7D20FE009AE71B /* Preview Content */ = {
			isa = PBXGroup;
			children = (
				E4107FAB2B7D20FE009AE71B /* Preview Assets.xcassets */,
			);
			path = "Preview Content";
			sourceTree = "<group>";
		};
		E4107FB62B7D2E61009AE71B /* font */ = {
			isa = PBXGroup;
			children = (
				E4107FB92B7D2F35009AE71B /* Macondo-Regular.ttf */,
				E4107FB72B7D2F2A009AE71B /* Comfortaa-VariableFont_wght.ttf */,
			);
			path = font;
			sourceTree = "<group>";
		};
		E42576F22B9A2998001CBA31 /* Models */ = {
			isa = PBXGroup;
			children = (
				E47B82D02B7E653100923421 /* AirneisModel.swift */,
				E46948292BE9055D00ABC9DF /* LoginRequest.swift */,
				E469482E2BE905F800ABC9DF /* LoginResponse.swift */,
			);
			path = Models;
			sourceTree = "<group>";
		};
		E42576F32B9A29A3001CBA31 /* Views */ = {
			isa = PBXGroup;
			children = (
				E4EA60662BD0522100B8554A /* AboutView.swift */,
				E42576F42B9A3106001CBA31 /* CategoryView.swift */,
				E4EA60712BD3070D00B8554A /* CategoryView2.swift */,
				E4EA60602BD0520300B8554A /* CGUView.swift */,
				E4EA605E2BD051F600B8554A /* CartView.swift */,
				E4EA60642BD0521700B8554A /* ContactView.swift */,
				E442A2062BDF982C00958353 /* FilterView.swift */,
				E4107FB32B7D2B8C009AE71B /* HomeView.swift */,
				E4EA606A2BD052AB00B8554A /* LoginView.swift */,
				E4EA60682BD0522B00B8554A /* LogoutView.swift */,
				E4EA60622BD0520D00B8554A /* MentionView.swift */,
				E4EA605C2BD051EA00B8554A /* ParamsView.swift */,
				E4EA60732BD313AF00B8554A /* ProductView.swift */,
				E4EA606C2BD052B400B8554A /* RegisterView.swift */,
				E4EF73042BF79EE2006F9731 /* OrdersView.swift */,
				E4EF73062BF7AEC5006F9731 /* OrderDetailView.swift */,
				E4EA60702BD05E2600B8554A /* SideBar */,
			);
			path = Views;
			sourceTree = "<group>";
		};
		E45992E62BF8F0E000A1B540 /* AirneisUITests */ = {
			isa = PBXGroup;
			children = (
				E45992E72BF8F0E000A1B540 /* AirneisUITests.swift */,
				E45992E92BF8F0E000A1B540 /* AirneisUITestsLaunchTests.swift */,
			);
			path = AirneisUITests;
			sourceTree = "<group>";
		};
		E45992F52BF91F9100A1B540 /* AirneisUnitaireTests */ = {
			isa = PBXGroup;
			children = (
				E45992F62BF91F9100A1B540 /* AirneisUnitaireTests.swift */,
				E45992FD2BF920F400A1B540 /* LoginViewModelTests.swift */,
				E45992FF2BF9233100A1B540 /* MockURLProtocol.swift */,
			);
			path = AirneisUnitaireTests;
			sourceTree = "<group>";
		};
		E46948302BE9062F00ABC9DF /* ViewModels */ = {
			isa = PBXGroup;
			children = (
				E46948272BE9051B00ABC9DF /* LoginViewModel.swift */,
				E4EF73022BF77FB2006F9731 /* OrderViewModel.swift */,
			);
			path = ViewModels;
			sourceTree = "<group>";
		};
		E4BDE05B2B978E2B0084E800 /* Components */ = {
			isa = PBXGroup;
			children = (
				E4BDE05C2B978E430084E800 /* Component.swift */,
			);
			path = Components;
			sourceTree = "<group>";
		};
		E4BDE05E2B97C4EB0084E800 /* Data */ = {
			isa = PBXGroup;
			children = (
				E4BDE05F2B97C5070084E800 /* AirneisData.swift */,
			);
			path = Data;
			sourceTree = "<group>";
		};
		E4EA60702BD05E2600B8554A /* SideBar */ = {
			isa = PBXGroup;
			children = (
				E4EA60582BD04FAB00B8554A /* SideMenuView.swift */,
				E4EA605A2BD0505D00B8554A /* SideMenu.swift */,
			);
			path = SideBar;
			sourceTree = "<group>";
		};
/* End PBXGroup section */

/* Begin PBXNativeTarget section */
		E4107FA02B7D20FD009AE71B /* Airneis */ = {
			isa = PBXNativeTarget;
			buildConfigurationList = E4107FAF2B7D20FE009AE71B /* Build configuration list for PBXNativeTarget "Airneis" */;
			buildPhases = (
				E4107F9D2B7D20FD009AE71B /* Sources */,
				E4107F9E2B7D20FD009AE71B /* Frameworks */,
				E4107F9F2B7D20FD009AE71B /* Resources */,
			);
			buildRules = (
			);
			dependencies = (
			);
			name = Airneis;
			packageProductDependencies = (
				E46948342BEBA63600ABC9DF /* JWTDecode */,
			);
			productName = Airneis;
			productReference = E4107FA12B7D20FD009AE71B /* Airneis.app */;
			productType = "com.apple.product-type.application";
		};
		E45992E42BF8F0E000A1B540 /* AirneisUITests */ = {
			isa = PBXNativeTarget;
			buildConfigurationList = E45992EF2BF8F0E000A1B540 /* Build configuration list for PBXNativeTarget "AirneisUITests" */;
			buildPhases = (
				E45992E12BF8F0E000A1B540 /* Sources */,
				E45992E22BF8F0E000A1B540 /* Frameworks */,
				E45992E32BF8F0E000A1B540 /* Resources */,
			);
			buildRules = (
			);
			dependencies = (
				E45992EC2BF8F0E000A1B540 /* PBXTargetDependency */,
			);
			name = AirneisUITests;
			productName = AirneisUITests;
			productReference = E45992E52BF8F0E000A1B540 /* AirneisUITests.xctest */;
			productType = "com.apple.product-type.bundle.ui-testing";
		};
		E45992F32BF91F9100A1B540 /* AirneisUnitaireTests */ = {
			isa = PBXNativeTarget;
			buildConfigurationList = E45992FA2BF91F9100A1B540 /* Build configuration list for PBXNativeTarget "AirneisUnitaireTests" */;
			buildPhases = (
				E45992F02BF91F9100A1B540 /* Sources */,
				E45992F12BF91F9100A1B540 /* Frameworks */,
				E45992F22BF91F9100A1B540 /* Resources */,
			);
			buildRules = (
			);
			dependencies = (
				E45992F92BF91F9100A1B540 /* PBXTargetDependency */,
			);
			name = AirneisUnitaireTests;
			productName = AirneisUnitaireTests;
			productReference = E45992F42BF91F9100A1B540 /* AirneisUnitaireTests.xctest */;
			productType = "com.apple.product-type.bundle.unit-test";
		};
/* End PBXNativeTarget section */

/* Begin PBXProject section */
		E4107F992B7D20FD009AE71B /* Project object */ = {
			isa = PBXProject;
			attributes = {
				BuildIndependentTargetsInParallel = 1;
				LastSwiftUpdateCheck = 1540;
				LastUpgradeCheck = 1520;
				TargetAttributes = {
					E4107FA02B7D20FD009AE71B = {
						CreatedOnToolsVersion = 15.2;
					};
					E45992E42BF8F0E000A1B540 = {
						CreatedOnToolsVersion = 15.4;
						TestTargetID = E4107FA02B7D20FD009AE71B;
					};
					E45992F32BF91F9100A1B540 = {
						CreatedOnToolsVersion = 15.4;
						TestTargetID = E4107FA02B7D20FD009AE71B;
					};
				};
			};
			buildConfigurationList = E4107F9C2B7D20FD009AE71B /* Build configuration list for PBXProject "Airneis" */;
			compatibilityVersion = "Xcode 14.0";
			developmentRegion = en;
			hasScannedForEncodings = 0;
			knownRegions = (
				en,
				Base,
			);
			mainGroup = E4107F982B7D20FD009AE71B;
			packageReferences = (
				E46948332BEBA63600ABC9DF /* XCRemoteSwiftPackageReference "JWTDecode.swift" */,
			);
			productRefGroup = E4107FA22B7D20FD009AE71B /* Products */;
			projectDirPath = "";
			projectRoot = "";
			targets = (
				E4107FA02B7D20FD009AE71B /* Airneis */,
				E45992E42BF8F0E000A1B540 /* AirneisUITests */,
				E45992F32BF91F9100A1B540 /* AirneisUnitaireTests */,
			);
		};
/* End PBXProject section */

/* Begin PBXResourcesBuildPhase section */
		E4107F9F2B7D20FD009AE71B /* Resources */ = {
			isa = PBXResourcesBuildPhase;
			buildActionMask = 2147483647;
			files = (
				E4107FAC2B7D20FE009AE71B /* Preview Assets.xcassets in Resources */,
				E4107FB82B7D2F2A009AE71B /* Comfortaa-VariableFont_wght.ttf in Resources */,
				E4107FA92B7D20FE009AE71B /* Assets.xcassets in Resources */,
				E4107FBA2B7D2F35009AE71B /* Macondo-Regular.ttf in Resources */,
			);
			runOnlyForDeploymentPostprocessing = 0;
		};
		E45992E32BF8F0E000A1B540 /* Resources */ = {
			isa = PBXResourcesBuildPhase;
			buildActionMask = 2147483647;
			files = (
			);
			runOnlyForDeploymentPostprocessing = 0;
		};
		E45992F22BF91F9100A1B540 /* Resources */ = {
			isa = PBXResourcesBuildPhase;
			buildActionMask = 2147483647;
			files = (
			);
			runOnlyForDeploymentPostprocessing = 0;
		};
/* End PBXResourcesBuildPhase section */

/* Begin PBXSourcesBuildPhase section */
		E4107F9D2B7D20FD009AE71B /* Sources */ = {
			isa = PBXSourcesBuildPhase;
			buildActionMask = 2147483647;
			files = (
				E4EA60742BD313AF00B8554A /* ProductView.swift in Sources */,
				E4EA605F2BD051F600B8554A /* CartView.swift in Sources */,
				E46948282BE9051B00ABC9DF /* LoginViewModel.swift in Sources */,
				E42576F52B9A3106001CBA31 /* CategoryView.swift in Sources */,
				E4EA60592BD04FAB00B8554A /* SideMenuView.swift in Sources */,
				E4107FB42B7D2B8C009AE71B /* HomeView.swift in Sources */,
				E4EA60652BD0521700B8554A /* ContactView.swift in Sources */,
				E4EA605B2BD0505D00B8554A /* SideMenu.swift in Sources */,
				E4EA605D2BD051EA00B8554A /* ParamsView.swift in Sources */,
				E469482A2BE9055D00ABC9DF /* LoginRequest.swift in Sources */,
				E4EA60692BD0522B00B8554A /* LogoutView.swift in Sources */,
				E4EA606D2BD052B400B8554A /* RegisterView.swift in Sources */,
				E4BDE05D2B978E430084E800 /* Component.swift in Sources */,
				E469482F2BE905F800ABC9DF /* LoginResponse.swift in Sources */,
				E442A2072BDF982C00958353 /* FilterView.swift in Sources */,
				E4EA60672BD0522100B8554A /* AboutView.swift in Sources */,
				E4EA60612BD0520300B8554A /* CGUView.swift in Sources */,
				E4BDE0602B97C5070084E800 /* AirneisData.swift in Sources */,
				E4EA60632BD0520D00B8554A /* MentionView.swift in Sources */,
				E4107FA52B7D20FD009AE71B /* AirneisApp.swift in Sources */,
				E4EF73052BF79EE2006F9731 /* OrdersView.swift in Sources */,
				E4EA606B2BD052AB00B8554A /* LoginView.swift in Sources */,
				E4EA60722BD3070D00B8554A /* CategoryView2.swift in Sources */,
				E4EF73032BF77FB2006F9731 /* OrderViewModel.swift in Sources */,
				E47B82D12B7E653100923421 /* AirneisModel.swift in Sources */,
				E4EA606F2BD0546300B8554A /* MainTabbedView.swift in Sources */,
				E4EF73072BF7AEC5006F9731 /* OrderDetailView.swift in Sources */,
			);
			runOnlyForDeploymentPostprocessing = 0;
		};
		E45992E12BF8F0E000A1B540 /* Sources */ = {
			isa = PBXSourcesBuildPhase;
			buildActionMask = 2147483647;
			files = (
				E45992EA2BF8F0E000A1B540 /* AirneisUITestsLaunchTests.swift in Sources */,
				E45992E82BF8F0E000A1B540 /* AirneisUITests.swift in Sources */,
			);
			runOnlyForDeploymentPostprocessing = 0;
		};
		E45992F02BF91F9100A1B540 /* Sources */ = {
			isa = PBXSourcesBuildPhase;
			buildActionMask = 2147483647;
			files = (
				E45993002BF9233100A1B540 /* MockURLProtocol.swift in Sources */,
				E45992FE2BF920F400A1B540 /* LoginViewModelTests.swift in Sources */,
				E45992F72BF91F9100A1B540 /* AirneisUnitaireTests.swift in Sources */,
			);
			runOnlyForDeploymentPostprocessing = 0;
		};
/* End PBXSourcesBuildPhase section */

/* Begin PBXTargetDependency section */
		E45992EC2BF8F0E000A1B540 /* PBXTargetDependency */ = {
			isa = PBXTargetDependency;
			target = E4107FA02B7D20FD009AE71B /* Airneis */;
			targetProxy = E45992EB2BF8F0E000A1B540 /* PBXContainerItemProxy */;
		};
		E45992F92BF91F9100A1B540 /* PBXTargetDependency */ = {
			isa = PBXTargetDependency;
			target = E4107FA02B7D20FD009AE71B /* Airneis */;
			targetProxy = E45992F82BF91F9100A1B540 /* PBXContainerItemProxy */;
		};
/* End PBXTargetDependency section */

/* Begin XCBuildConfiguration section */
		E4107FAD2B7D20FE009AE71B /* Debug */ = {
			isa = XCBuildConfiguration;
			buildSettings = {
				ALWAYS_SEARCH_USER_PATHS = NO;
				ASSETCATALOG_COMPILER_GENERATE_SWIFT_ASSET_SYMBOL_EXTENSIONS = YES;
				CLANG_ANALYZER_NONNULL = YES;
				CLANG_ANALYZER_NUMBER_OBJECT_CONVERSION = YES_AGGRESSIVE;
				CLANG_CXX_LANGUAGE_STANDARD = "gnu++20";
				CLANG_ENABLE_MODULES = YES;
				CLANG_ENABLE_OBJC_ARC = YES;
				CLANG_ENABLE_OBJC_WEAK = YES;
				CLANG_WARN_BLOCK_CAPTURE_AUTORELEASING = YES;
				CLANG_WARN_BOOL_CONVERSION = YES;
				CLANG_WARN_COMMA = YES;
				CLANG_WARN_CONSTANT_CONVERSION = YES;
				CLANG_WARN_DEPRECATED_OBJC_IMPLEMENTATIONS = YES;
				CLANG_WARN_DIRECT_OBJC_ISA_USAGE = YES_ERROR;
				CLANG_WARN_DOCUMENTATION_COMMENTS = YES;
				CLANG_WARN_EMPTY_BODY = YES;
				CLANG_WARN_ENUM_CONVERSION = YES;
				CLANG_WARN_INFINITE_RECURSION = YES;
				CLANG_WARN_INT_CONVERSION = YES;
				CLANG_WARN_NON_LITERAL_NULL_CONVERSION = YES;
				CLANG_WARN_OBJC_IMPLICIT_RETAIN_SELF = YES;
				CLANG_WARN_OBJC_LITERAL_CONVERSION = YES;
				CLANG_WARN_OBJC_ROOT_CLASS = YES_ERROR;
				CLANG_WARN_QUOTED_INCLUDE_IN_FRAMEWORK_HEADER = YES;
				CLANG_WARN_RANGE_LOOP_ANALYSIS = YES;
				CLANG_WARN_STRICT_PROTOTYPES = YES;
				CLANG_WARN_SUSPICIOUS_MOVE = YES;
				CLANG_WARN_UNGUARDED_AVAILABILITY = YES_AGGRESSIVE;
				CLANG_WARN_UNREACHABLE_CODE = YES;
				CLANG_WARN__DUPLICATE_METHOD_MATCH = YES;
				COPY_PHASE_STRIP = NO;
				DEBUG_INFORMATION_FORMAT = dwarf;
				ENABLE_STRICT_OBJC_MSGSEND = YES;
				ENABLE_TESTABILITY = YES;
				ENABLE_USER_SCRIPT_SANDBOXING = YES;
				GCC_C_LANGUAGE_STANDARD = gnu17;
				GCC_DYNAMIC_NO_PIC = NO;
				GCC_NO_COMMON_BLOCKS = YES;
				GCC_OPTIMIZATION_LEVEL = 0;
				GCC_PREPROCESSOR_DEFINITIONS = (
					"DEBUG=1",
					"$(inherited)",
				);
				GCC_WARN_64_TO_32_BIT_CONVERSION = YES;
				GCC_WARN_ABOUT_RETURN_TYPE = YES_ERROR;
				GCC_WARN_UNDECLARED_SELECTOR = YES;
				GCC_WARN_UNINITIALIZED_AUTOS = YES_AGGRESSIVE;
				GCC_WARN_UNUSED_FUNCTION = YES;
				GCC_WARN_UNUSED_VARIABLE = YES;
				IPHONEOS_DEPLOYMENT_TARGET = 17.2;
				LOCALIZATION_PREFERS_STRING_CATALOGS = YES;
				MTL_ENABLE_DEBUG_INFO = INCLUDE_SOURCE;
				MTL_FAST_MATH = YES;
				ONLY_ACTIVE_ARCH = YES;
				SDKROOT = iphoneos;
				SWIFT_ACTIVE_COMPILATION_CONDITIONS = "DEBUG $(inherited)";
				SWIFT_OPTIMIZATION_LEVEL = "-Onone";
			};
			name = Debug;
		};
		E4107FAE2B7D20FE009AE71B /* Release */ = {
			isa = XCBuildConfiguration;
			buildSettings = {
				ALWAYS_SEARCH_USER_PATHS = NO;
				ASSETCATALOG_COMPILER_GENERATE_SWIFT_ASSET_SYMBOL_EXTENSIONS = YES;
				CLANG_ANALYZER_NONNULL = YES;
				CLANG_ANALYZER_NUMBER_OBJECT_CONVERSION = YES_AGGRESSIVE;
				CLANG_CXX_LANGUAGE_STANDARD = "gnu++20";
				CLANG_ENABLE_MODULES = YES;
				CLANG_ENABLE_OBJC_ARC = YES;
				CLANG_ENABLE_OBJC_WEAK = YES;
				CLANG_WARN_BLOCK_CAPTURE_AUTORELEASING = YES;
				CLANG_WARN_BOOL_CONVERSION = YES;
				CLANG_WARN_COMMA = YES;
				CLANG_WARN_CONSTANT_CONVERSION = YES;
				CLANG_WARN_DEPRECATED_OBJC_IMPLEMENTATIONS = YES;
				CLANG_WARN_DIRECT_OBJC_ISA_USAGE = YES_ERROR;
				CLANG_WARN_DOCUMENTATION_COMMENTS = YES;
				CLANG_WARN_EMPTY_BODY = YES;
				CLANG_WARN_ENUM_CONVERSION = YES;
				CLANG_WARN_INFINITE_RECURSION = YES;
				CLANG_WARN_INT_CONVERSION = YES;
				CLANG_WARN_NON_LITERAL_NULL_CONVERSION = YES;
				CLANG_WARN_OBJC_IMPLICIT_RETAIN_SELF = YES;
				CLANG_WARN_OBJC_LITERAL_CONVERSION = YES;
				CLANG_WARN_OBJC_ROOT_CLASS = YES_ERROR;
				CLANG_WARN_QUOTED_INCLUDE_IN_FRAMEWORK_HEADER = YES;
				CLANG_WARN_RANGE_LOOP_ANALYSIS = YES;
				CLANG_WARN_STRICT_PROTOTYPES = YES;
				CLANG_WARN_SUSPICIOUS_MOVE = YES;
				CLANG_WARN_UNGUARDED_AVAILABILITY = YES_AGGRESSIVE;
				CLANG_WARN_UNREACHABLE_CODE = YES;
				CLANG_WARN__DUPLICATE_METHOD_MATCH = YES;
				COPY_PHASE_STRIP = NO;
				DEBUG_INFORMATION_FORMAT = "dwarf-with-dsym";
				ENABLE_NS_ASSERTIONS = NO;
				ENABLE_STRICT_OBJC_MSGSEND = YES;
				ENABLE_USER_SCRIPT_SANDBOXING = YES;
				GCC_C_LANGUAGE_STANDARD = gnu17;
				GCC_NO_COMMON_BLOCKS = YES;
				GCC_WARN_64_TO_32_BIT_CONVERSION = YES;
				GCC_WARN_ABOUT_RETURN_TYPE = YES_ERROR;
				GCC_WARN_UNDECLARED_SELECTOR = YES;
				GCC_WARN_UNINITIALIZED_AUTOS = YES_AGGRESSIVE;
				GCC_WARN_UNUSED_FUNCTION = YES;
				GCC_WARN_UNUSED_VARIABLE = YES;
				IPHONEOS_DEPLOYMENT_TARGET = 17.2;
				LOCALIZATION_PREFERS_STRING_CATALOGS = YES;
				MTL_ENABLE_DEBUG_INFO = NO;
				MTL_FAST_MATH = YES;
				SDKROOT = iphoneos;
				SWIFT_COMPILATION_MODE = wholemodule;
				VALIDATE_PRODUCT = YES;
			};
			name = Release;
		};
		E4107FB02B7D20FE009AE71B /* Debug */ = {
			isa = XCBuildConfiguration;
			buildSettings = {
				ASSETCATALOG_COMPILER_APPICON_NAME = AppIcon;
				ASSETCATALOG_COMPILER_GLOBAL_ACCENT_COLOR_NAME = AccentColor;
				CODE_SIGN_STYLE = Automatic;
				CURRENT_PROJECT_VERSION = 1;
				DEVELOPMENT_ASSET_PATHS = "\"Airneis/Preview Content\"";
				DEVELOPMENT_TEAM = VD7UWGN2GV;
				ENABLE_PREVIEWS = YES;
				GENERATE_INFOPLIST_FILE = YES;
				INFOPLIST_FILE = Airneis/Info.plist;
				INFOPLIST_KEY_CFBundleDisplayName = Airneis;
				INFOPLIST_KEY_LSApplicationCategoryType = "public.app-category.food-and-drink";
				INFOPLIST_KEY_UIApplicationSceneManifest_Generation = YES;
				INFOPLIST_KEY_UIApplicationSupportsIndirectInputEvents = YES;
				INFOPLIST_KEY_UILaunchScreen_Generation = YES;
				INFOPLIST_KEY_UISupportedInterfaceOrientations = "UIInterfaceOrientationLandscapeLeft UIInterfaceOrientationLandscapeRight UIInterfaceOrientationPortrait";
				INFOPLIST_KEY_UISupportedInterfaceOrientations_iPad = "UIInterfaceOrientationLandscapeLeft UIInterfaceOrientationLandscapeRight UIInterfaceOrientationPortrait UIInterfaceOrientationPortraitUpsideDown";
				LD_RUNPATH_SEARCH_PATHS = (
					"$(inherited)",
					"@executable_path/Frameworks",
				);
				MARKETING_VERSION = 1.0;
				PRODUCT_BUNDLE_IDENTIFIER = supdevinci.Airneis;
				PRODUCT_NAME = "$(TARGET_NAME)";
				SWIFT_EMIT_LOC_STRINGS = YES;
				SWIFT_VERSION = 5.0;
				TARGETED_DEVICE_FAMILY = "1,2";
			};
			name = Debug;
		};
		E4107FB12B7D20FE009AE71B /* Release */ = {
			isa = XCBuildConfiguration;
			buildSettings = {
				ASSETCATALOG_COMPILER_APPICON_NAME = AppIcon;
				ASSETCATALOG_COMPILER_GLOBAL_ACCENT_COLOR_NAME = AccentColor;
				CODE_SIGN_STYLE = Automatic;
				CURRENT_PROJECT_VERSION = 1;
				DEVELOPMENT_ASSET_PATHS = "\"Airneis/Preview Content\"";
				DEVELOPMENT_TEAM = VD7UWGN2GV;
				ENABLE_PREVIEWS = YES;
				GENERATE_INFOPLIST_FILE = YES;
				INFOPLIST_FILE = Airneis/Info.plist;
				INFOPLIST_KEY_CFBundleDisplayName = Airneis;
				INFOPLIST_KEY_LSApplicationCategoryType = "public.app-category.food-and-drink";
				INFOPLIST_KEY_UIApplicationSceneManifest_Generation = YES;
				INFOPLIST_KEY_UIApplicationSupportsIndirectInputEvents = YES;
				INFOPLIST_KEY_UILaunchScreen_Generation = YES;
				INFOPLIST_KEY_UISupportedInterfaceOrientations = "UIInterfaceOrientationLandscapeLeft UIInterfaceOrientationLandscapeRight UIInterfaceOrientationPortrait";
				INFOPLIST_KEY_UISupportedInterfaceOrientations_iPad = "UIInterfaceOrientationLandscapeLeft UIInterfaceOrientationLandscapeRight UIInterfaceOrientationPortrait UIInterfaceOrientationPortraitUpsideDown";
				LD_RUNPATH_SEARCH_PATHS = (
					"$(inherited)",
					"@executable_path/Frameworks",
				);
				MARKETING_VERSION = 1.0;
				PRODUCT_BUNDLE_IDENTIFIER = supdevinci.Airneis;
				PRODUCT_NAME = "$(TARGET_NAME)";
				SWIFT_EMIT_LOC_STRINGS = YES;
				SWIFT_VERSION = 5.0;
				TARGETED_DEVICE_FAMILY = "1,2";
			};
			name = Release;
		};
		E45992ED2BF8F0E000A1B540 /* Debug */ = {
			isa = XCBuildConfiguration;
			buildSettings = {
				CODE_SIGN_STYLE = Automatic;
				CURRENT_PROJECT_VERSION = 1;
				DEVELOPMENT_TEAM = VD7UWGN2GV;
				GENERATE_INFOPLIST_FILE = YES;
				IPHONEOS_DEPLOYMENT_TARGET = 17.2;
				MARKETING_VERSION = 1.0;
				PRODUCT_BUNDLE_IDENTIFIER = supdevinci.AirneisUITests;
				PRODUCT_NAME = "$(TARGET_NAME)";
				SWIFT_EMIT_LOC_STRINGS = NO;
				SWIFT_VERSION = 5.0;
				TARGETED_DEVICE_FAMILY = "1,2";
				TEST_TARGET_NAME = Airneis;
			};
			name = Debug;
		};
		E45992EE2BF8F0E000A1B540 /* Release */ = {
			isa = XCBuildConfiguration;
			buildSettings = {
				CODE_SIGN_STYLE = Automatic;
				CURRENT_PROJECT_VERSION = 1;
				DEVELOPMENT_TEAM = VD7UWGN2GV;
				GENERATE_INFOPLIST_FILE = YES;
				IPHONEOS_DEPLOYMENT_TARGET = 17.2;
				MARKETING_VERSION = 1.0;
				PRODUCT_BUNDLE_IDENTIFIER = supdevinci.AirneisUITests;
				PRODUCT_NAME = "$(TARGET_NAME)";
				SWIFT_EMIT_LOC_STRINGS = NO;
				SWIFT_VERSION = 5.0;
				TARGETED_DEVICE_FAMILY = "1,2";
				TEST_TARGET_NAME = Airneis;
			};
			name = Release;
		};
		E45992FB2BF91F9100A1B540 /* Debug */ = {
			isa = XCBuildConfiguration;
			buildSettings = {
				BUNDLE_LOADER = "$(TEST_HOST)";
				CODE_SIGN_STYLE = Automatic;
				CURRENT_PROJECT_VERSION = 1;
				DEVELOPMENT_TEAM = VD7UWGN2GV;
				GENERATE_INFOPLIST_FILE = YES;
				IPHONEOS_DEPLOYMENT_TARGET = 17.2;
				MARKETING_VERSION = 1.0;
				PRODUCT_BUNDLE_IDENTIFIER = supdevinci.AirneisUnitaireTests;
				PRODUCT_NAME = "$(TARGET_NAME)";
				SWIFT_EMIT_LOC_STRINGS = NO;
				SWIFT_VERSION = 5.0;
				TARGETED_DEVICE_FAMILY = "1,2";
				TEST_HOST = "$(BUILT_PRODUCTS_DIR)/Airneis.app/$(BUNDLE_EXECUTABLE_FOLDER_PATH)/Airneis";
			};
			name = Debug;
		};
		E45992FC2BF91F9100A1B540 /* Release */ = {
			isa = XCBuildConfiguration;
			buildSettings = {
				BUNDLE_LOADER = "$(TEST_HOST)";
				CODE_SIGN_STYLE = Automatic;
				CURRENT_PROJECT_VERSION = 1;
				DEVELOPMENT_TEAM = VD7UWGN2GV;
				GENERATE_INFOPLIST_FILE = YES;
				IPHONEOS_DEPLOYMENT_TARGET = 17.2;
				MARKETING_VERSION = 1.0;
				PRODUCT_BUNDLE_IDENTIFIER = supdevinci.AirneisUnitaireTests;
				PRODUCT_NAME = "$(TARGET_NAME)";
				SWIFT_EMIT_LOC_STRINGS = NO;
				SWIFT_VERSION = 5.0;
				TARGETED_DEVICE_FAMILY = "1,2";
				TEST_HOST = "$(BUILT_PRODUCTS_DIR)/Airneis.app/$(BUNDLE_EXECUTABLE_FOLDER_PATH)/Airneis";
			};
			name = Release;
		};
/* End XCBuildConfiguration section */

/* Begin XCConfigurationList section */
		E4107F9C2B7D20FD009AE71B /* Build configuration list for PBXProject "Airneis" */ = {
			isa = XCConfigurationList;
			buildConfigurations = (
				E4107FAD2B7D20FE009AE71B /* Debug */,
				E4107FAE2B7D20FE009AE71B /* Release */,
			);
			defaultConfigurationIsVisible = 0;
			defaultConfigurationName = Release;
		};
		E4107FAF2B7D20FE009AE71B /* Build configuration list for PBXNativeTarget "Airneis" */ = {
			isa = XCConfigurationList;
			buildConfigurations = (
				E4107FB02B7D20FE009AE71B /* Debug */,
				E4107FB12B7D20FE009AE71B /* Release */,
			);
			defaultConfigurationIsVisible = 0;
			defaultConfigurationName = Release;
		};
		E45992EF2BF8F0E000A1B540 /* Build configuration list for PBXNativeTarget "AirneisUITests" */ = {
			isa = XCConfigurationList;
			buildConfigurations = (
				E45992ED2BF8F0E000A1B540 /* Debug */,
				E45992EE2BF8F0E000A1B540 /* Release */,
			);
			defaultConfigurationIsVisible = 0;
			defaultConfigurationName = Release;
		};
		E45992FA2BF91F9100A1B540 /* Build configuration list for PBXNativeTarget "AirneisUnitaireTests" */ = {
			isa = XCConfigurationList;
			buildConfigurations = (
				E45992FB2BF91F9100A1B540 /* Debug */,
				E45992FC2BF91F9100A1B540 /* Release */,
			);
			defaultConfigurationIsVisible = 0;
			defaultConfigurationName = Release;
		};
/* End XCConfigurationList section */

/* Begin XCRemoteSwiftPackageReference section */
		E46948332BEBA63600ABC9DF /* XCRemoteSwiftPackageReference "JWTDecode.swift" */ = {
			isa = XCRemoteSwiftPackageReference;
			repositoryURL = "https://github.com/auth0/JWTDecode.swift.git";
			requirement = {
				kind = upToNextMajorVersion;
				minimumVersion = 3.1.0;
			};
		};
/* End XCRemoteSwiftPackageReference section */

/* Begin XCSwiftPackageProductDependency section */
		E46948342BEBA63600ABC9DF /* JWTDecode */ = {
			isa = XCSwiftPackageProductDependency;
			package = E46948332BEBA63600ABC9DF /* XCRemoteSwiftPackageReference "JWTDecode.swift" */;
			productName = JWTDecode;
		};
/* End XCSwiftPackageProductDependency section */
	};
	rootObject = E4107F992B7D20FD009AE71B /* Project object */;
}
